
Microsoft Visual Studio Solution File, Format Version 12.00
# Visual Studio 15
VisualStudioVersion = 15.0.27130.2010
MinimumVisualStudioVersion = 10.0.40219.1
Project("{FAE04EC0-301F-11D3-BF4B-00C04F79EFBC}") = "Pokatun.Droid", "src\Pokatun.Droid\Pokatun.Droid.csproj", "{F95F4468-5EB3-48D4-8C28-51F33E95ECCF}"
EndProject
Project("{2150E333-8FDC-42A3-9474-1A3956D46DE8}") = "!Solution Items", "!Solution Items", "{54A5445B-FB09-43F4-B1DB-C90142EFF290}"
	ProjectSection(SolutionItems) = preProject
		.editorconfig = .editorconfig
	EndProjectSection
EndProject
Project("{FAE04EC0-301F-11D3-BF4B-00C04F79EFBC}") = "Pokatun.Core", "src\Pokatun.Core\Pokatun.Core.csproj", "{DA50DD18-DC13-4682-ADDE-61229F67867E}"
EndProject
Project("{FAE04EC0-301F-11D3-BF4B-00C04F79EFBC}") = "Pokatun.iOS", "src\Pokatun.iOS\Pokatun.iOS.csproj", "{DEACFA33-362F-41CB-88DF-7423BF362BF2}"
EndProject
Project("{FAE04EC0-301F-11D3-BF4B-00C04F79EFBC}") = "Pokatun.API", "src\Pokatun.API\Pokatun.API.csproj", "{34E1128B-F13C-4F5D-8D51-7702C06A91CF}"
EndProject
Project("{FAE04EC0-301F-11D3-BF4B-00C04F79EFBC}") = "Pokatun.Data", "src\Pokatun.Data\Pokatun.Data.csproj", "{46F1B75E-6E99-478A-952D-7617C504A809}"
EndProject
Global
	GlobalSection(SolutionConfigurationPlatforms) = preSolution
		Debug|Any CPU = Debug|Any CPU
		Debug|ARM = Debug|ARM
		Debug|iPhone = Debug|iPhone
		Debug|iPhoneSimulator = Debug|iPhoneSimulator
		Debug|x64 = Debug|x64
		Debug|x86 = Debug|x86
		Release|Any CPU = Release|Any CPU
		Release|ARM = Release|ARM
		Release|iPhone = Release|iPhone
		Release|iPhoneSimulator = Release|iPhoneSimulator
		Release|x64 = Release|x64
		Release|x86 = Release|x86
	EndGlobalSection
	GlobalSection(ProjectConfigurationPlatforms) = postSolution
		{F95F4468-5EB3-48D4-8C28-51F33E95ECCF}.Debug|Any CPU.ActiveCfg = Debug|Any CPU
		{F95F4468-5EB3-48D4-8C28-51F33E95ECCF}.Debug|Any CPU.Build.0 = Debug|Any CPU
		{F95F4468-5EB3-48D4-8C28-51F33E95ECCF}.Debug|Any CPU.Deploy.0 = Debug|Any CPU
		{F95F4468-5EB3-48D4-8C28-51F33E95ECCF}.Debug|ARM.ActiveCfg = Debug|Any CPU
		{F95F4468-5EB3-48D4-8C28-51F33E95ECCF}.Debug|ARM.Build.0 = Debug|Any CPU
		{F95F4468-5EB3-48D4-8C28-51F33E95ECCF}.Debug|ARM.Deploy.0 = Debug|Any CPU
		{F95F4468-5EB3-48D4-8C28-51F33E95ECCF}.Debug|iPhone.ActiveCfg = Debug|Any CPU
		{F95F4468-5EB3-48D4-8C28-51F33E95ECCF}.Debug|iPhone.Build.0 = Debug|Any CPU
		{F95F4468-5EB3-48D4-8C28-51F33E95ECCF}.Debug|iPhone.Deploy.0 = Debug|Any CPU
		{F95F4468-5EB3-48D4-8C28-51F33E95ECCF}.Debug|iPhoneSimulator.ActiveCfg = Debug|Any CPU
		{F95F4468-5EB3-48D4-8C28-51F33E95ECCF}.Debug|iPhoneSimulator.Build.0 = Debug|Any CPU
		{F95F4468-5EB3-48D4-8C28-51F33E95ECCF}.Debug|iPhoneSimulator.Deploy.0 = Debug|Any CPU
		{F95F4468-5EB3-48D4-8C28-51F33E95ECCF}.Debug|x64.ActiveCfg = Debug|Any CPU
		{F95F4468-5EB3-48D4-8C28-51F33E95ECCF}.Debug|x64.Build.0 = Debug|Any CPU
		{F95F4468-5EB3-48D4-8C28-51F33E95ECCF}.Debug|x64.Deploy.0 = Debug|Any CPU
		{F95F4468-5EB3-48D4-8C28-51F33E95ECCF}.Debug|x86.ActiveCfg = Debug|Any CPU
		{F95F4468-5EB3-48D4-8C28-51F33E95ECCF}.Debug|x86.Build.0 = Debug|Any CPU
		{F95F4468-5EB3-48D4-8C28-51F33E95ECCF}.Debug|x86.Deploy.0 = Debug|Any CPU
		{F95F4468-5EB3-48D4-8C28-51F33E95ECCF}.Release|Any CPU.ActiveCfg = Release|Any CPU
		{F95F4468-5EB3-48D4-8C28-51F33E95ECCF}.Release|Any CPU.Build.0 = Release|Any CPU
		{F95F4468-5EB3-48D4-8C28-51F33E95ECCF}.Release|Any CPU.Deploy.0 = Release|Any CPU
		{F95F4468-5EB3-48D4-8C28-51F33E95ECCF}.Release|ARM.ActiveCfg = Release|Any CPU
		{F95F4468-5EB3-48D4-8C28-51F33E95ECCF}.Release|ARM.Build.0 = Release|Any CPU
		{F95F4468-5EB3-48D4-8C28-51F33E95ECCF}.Release|ARM.Deploy.0 = Release|Any CPU
		{F95F4468-5EB3-48D4-8C28-51F33E95ECCF}.Release|iPhone.ActiveCfg = Release|Any CPU
		{F95F4468-5EB3-48D4-8C28-51F33E95ECCF}.Release|iPhone.Build.0 = Release|Any CPU
		{F95F4468-5EB3-48D4-8C28-51F33E95ECCF}.Release|iPhone.Deploy.0 = Release|Any CPU
		{F95F4468-5EB3-48D4-8C28-51F33E95ECCF}.Release|iPhoneSimulator.ActiveCfg = Release|Any CPU
		{F95F4468-5EB3-48D4-8C28-51F33E95ECCF}.Release|iPhoneSimulator.Build.0 = Release|Any CPU
		{F95F4468-5EB3-48D4-8C28-51F33E95ECCF}.Release|iPhoneSimulator.Deploy.0 = Release|Any CPU
		{F95F4468-5EB3-48D4-8C28-51F33E95ECCF}.Release|x64.ActiveCfg = Release|Any CPU
		{F95F4468-5EB3-48D4-8C28-51F33E95ECCF}.Release|x64.Build.0 = Release|Any CPU
		{F95F4468-5EB3-48D4-8C28-51F33E95ECCF}.Release|x64.Deploy.0 = Release|Any CPU
		{F95F4468-5EB3-48D4-8C28-51F33E95ECCF}.Release|x86.ActiveCfg = Release|Any CPU
		{F95F4468-5EB3-48D4-8C28-51F33E95ECCF}.Release|x86.Build.0 = Release|Any CPU
		{F95F4468-5EB3-48D4-8C28-51F33E95ECCF}.Release|x86.Deploy.0 = Release|Any CPU
		{DA50DD18-DC13-4682-ADDE-61229F67867E}.Debug|Any CPU.ActiveCfg = Debug|Any CPU
		{DA50DD18-DC13-4682-ADDE-61229F67867E}.Debug|Any CPU.Build.0 = Debug|Any CPU
		{DA50DD18-DC13-4682-ADDE-61229F67867E}.Debug|ARM.ActiveCfg = Debug|Any CPU
		{DA50DD18-DC13-4682-ADDE-61229F67867E}.Debug|ARM.Build.0 = Debug|Any CPU
		{DA50DD18-DC13-4682-ADDE-61229F67867E}.Debug|iPhone.ActiveCfg = Debug|Any CPU
		{DA50DD18-DC13-4682-ADDE-61229F67867E}.Debug|iPhone.Build.0 = Debug|Any CPU
		{DA50DD18-DC13-4682-ADDE-61229F67867E}.Debug|iPhoneSimulator.ActiveCfg = Debug|Any CPU
		{DA50DD18-DC13-4682-ADDE-61229F67867E}.Debug|iPhoneSimulator.Build.0 = Debug|Any CPU
		{DA50DD18-DC13-4682-ADDE-61229F67867E}.Debug|x64.ActiveCfg = Debug|Any CPU
		{DA50DD18-DC13-4682-ADDE-61229F67867E}.Debug|x64.Build.0 = Debug|Any CPU
		{DA50DD18-DC13-4682-ADDE-61229F67867E}.Debug|x86.ActiveCfg = Debug|Any CPU
		{DA50DD18-DC13-4682-ADDE-61229F67867E}.Debug|x86.Build.0 = Debug|Any CPU
		{DA50DD18-DC13-4682-ADDE-61229F67867E}.Release|Any CPU.ActiveCfg = Release|Any CPU
		{DA50DD18-DC13-4682-ADDE-61229F67867E}.Release|Any CPU.Build.0 = Release|Any CPU
		{DA50DD18-DC13-4682-ADDE-61229F67867E}.Release|ARM.ActiveCfg = Release|Any CPU
		{DA50DD18-DC13-4682-ADDE-61229F67867E}.Release|ARM.Build.0 = Release|Any CPU
		{DA50DD18-DC13-4682-ADDE-61229F67867E}.Release|iPhone.ActiveCfg = Release|Any CPU
		{DA50DD18-DC13-4682-ADDE-61229F67867E}.Release|iPhone.Build.0 = Release|Any CPU
		{DA50DD18-DC13-4682-ADDE-61229F67867E}.Release|iPhoneSimulator.ActiveCfg = Release|Any CPU
		{DA50DD18-DC13-4682-ADDE-61229F67867E}.Release|iPhoneSimulator.Build.0 = Release|Any CPU
		{DA50DD18-DC13-4682-ADDE-61229F67867E}.Release|x64.ActiveCfg = Release|Any CPU
		{DA50DD18-DC13-4682-ADDE-61229F67867E}.Release|x64.Build.0 = Release|Any CPU
		{DA50DD18-DC13-4682-ADDE-61229F67867E}.Release|x86.ActiveCfg = Release|Any CPU
		{DA50DD18-DC13-4682-ADDE-61229F67867E}.Release|x86.Build.0 = Release|Any CPU
		{DEACFA33-362F-41CB-88DF-7423BF362BF2}.Debug|Any CPU.ActiveCfg = Debug|iPhone
		{DEACFA33-362F-41CB-88DF-7423BF362BF2}.Debug|Any CPU.Build.0 = Debug|iPhone
		{DEACFA33-362F-41CB-88DF-7423BF362BF2}.Debug|ARM.ActiveCfg = Debug|iPhone
		{DEACFA33-362F-41CB-88DF-7423BF362BF2}.Debug|iPhone.ActiveCfg = Debug|iPhone
		{DEACFA33-362F-41CB-88DF-7423BF362BF2}.Debug|iPhone.Build.0 = Debug|iPhone
		{DEACFA33-362F-41CB-88DF-7423BF362BF2}.Debug|iPhone.Deploy.0 = Debug|iPhone
		{DEACFA33-362F-41CB-88DF-7423BF362BF2}.Debug|iPhoneSimulator.ActiveCfg = Debug|iPhoneSimulator
		{DEACFA33-362F-41CB-88DF-7423BF362BF2}.Debug|iPhoneSimulator.Build.0 = Debug|iPhoneSimulator
		{DEACFA33-362F-41CB-88DF-7423BF362BF2}.Debug|iPhoneSimulator.Deploy.0 = Debug|iPhoneSimulator
		{DEACFA33-362F-41CB-88DF-7423BF362BF2}.Debug|x64.ActiveCfg = Debug|iPhone
		{DEACFA33-362F-41CB-88DF-7423BF362BF2}.Debug|x86.ActiveCfg = Debug|iPhone
		{DEACFA33-362F-41CB-88DF-7423BF362BF2}.Release|Any CPU.ActiveCfg = Release|iPhone
		{DEACFA33-362F-41CB-88DF-7423BF362BF2}.Release|ARM.ActiveCfg = Release|iPhone
		{DEACFA33-362F-41CB-88DF-7423BF362BF2}.Release|iPhone.ActiveCfg = Release|iPhone
		{DEACFA33-362F-41CB-88DF-7423BF362BF2}.Release|iPhone.Build.0 = Release|iPhone
		{DEACFA33-362F-41CB-88DF-7423BF362BF2}.Release|iPhone.Deploy.0 = Release|iPhone
		{DEACFA33-362F-41CB-88DF-7423BF362BF2}.Release|iPhoneSimulator.ActiveCfg = Release|iPhoneSimulator
		{DEACFA33-362F-41CB-88DF-7423BF362BF2}.Release|iPhoneSimulator.Build.0 = Release|iPhoneSimulator
		{DEACFA33-362F-41CB-88DF-7423BF362BF2}.Release|iPhoneSimulator.Deploy.0 = Release|iPhoneSimulator
		{DEACFA33-362F-41CB-88DF-7423BF362BF2}.Release|x64.ActiveCfg = Release|iPhone
		{DEACFA33-362F-41CB-88DF-7423BF362BF2}.Release|x86.ActiveCfg = Release|iPhone
		{34E1128B-F13C-4F5D-8D51-7702C06A91CF}.Debug|Any CPU.ActiveCfg = Debug|Any CPU
		{34E1128B-F13C-4F5D-8D51-7702C06A91CF}.Debug|Any CPU.Build.0 = Debug|Any CPU
		{34E1128B-F13C-4F5D-8D51-7702C06A91CF}.Debug|ARM.ActiveCfg = Debug|Any CPU
		{34E1128B-F13C-4F5D-8D51-7702C06A91CF}.Debug|ARM.Build.0 = Debug|Any CPU
		{34E1128B-F13C-4F5D-8D51-7702C06A91CF}.Debug|iPhone.ActiveCfg = Debug|Any CPU
		{34E1128B-F13C-4F5D-8D51-7702C06A91CF}.Debug|iPhone.Build.0 = Debug|Any CPU
		{34E1128B-F13C-4F5D-8D51-7702C06A91CF}.Debug|iPhoneSimulator.ActiveCfg = Debug|Any CPU
		{34E1128B-F13C-4F5D-8D51-7702C06A91CF}.Debug|iPhoneSimulator.Build.0 = Debug|Any CPU
		{34E1128B-F13C-4F5D-8D51-7702C06A91CF}.Debug|x64.ActiveCfg = Debug|Any CPU
		{34E1128B-F13C-4F5D-8D51-7702C06A91CF}.Debug|x64.Build.0 = Debug|Any CPU
		{34E1128B-F13C-4F5D-8D51-7702C06A91CF}.Debug|x86.ActiveCfg = Debug|Any CPU
		{34E1128B-F13C-4F5D-8D51-7702C06A91CF}.Debug|x86.Build.0 = Debug|Any CPU
		{34E1128B-F13C-4F5D-8D51-7702C06A91CF}.Release|Any CPU.ActiveCfg = Release|Any CPU
		{34E1128B-F13C-4F5D-8D51-7702C06A91CF}.Release|Any CPU.Build.0 = Release|Any CPU
		{34E1128B-F13C-4F5D-8D51-7702C06A91CF}.Release|ARM.ActiveCfg = Release|Any CPU
		{34E1128B-F13C-4F5D-8D51-7702C06A91CF}.Release|ARM.Build.0 = Release|Any CPU
		{34E1128B-F13C-4F5D-8D51-7702C06A91CF}.Release|iPhone.ActiveCfg = Release|Any CPU
		{34E1128B-F13C-4F5D-8D51-7702C06A91CF}.Release|iPhone.Build.0 = Release|Any CPU
		{34E1128B-F13C-4F5D-8D51-7702C06A91CF}.Release|iPhoneSimulator.ActiveCfg = Release|Any CPU
		{34E1128B-F13C-4F5D-8D51-7702C06A91CF}.Release|iPhoneSimulator.Build.0 = Release|Any CPU
		{34E1128B-F13C-4F5D-8D51-7702C06A91CF}.Release|x64.ActiveCfg = Release|Any CPU
		{34E1128B-F13C-4F5D-8D51-7702C06A91CF}.Release|x64.Build.0 = Release|Any CPU
		{34E1128B-F13C-4F5D-8D51-7702C06A91CF}.Release|x86.ActiveCfg = Release|Any CPU
		{34E1128B-F13C-4F5D-8D51-7702C06A91CF}.Release|x86.Build.0 = Release|Any CPU
		{46F1B75E-6E99-478A-952D-7617C504A809}.Debug|Any CPU.ActiveCfg = Debug|Any CPU
		{46F1B75E-6E99-478A-952D-7617C504A809}.Debug|Any CPU.Build.0 = Debug|Any CPU
		{46F1B75E-6E99-478A-952D-7617C504A809}.Debug|ARM.ActiveCfg = Debug|Any CPU
		{46F1B75E-6E99-478A-952D-7617C504A809}.Debug|ARM.Build.0 = Debug|Any CPU
		{46F1B75E-6E99-478A-952D-7617C504A809}.Debug|iPhone.ActiveCfg = Debug|Any CPU
		{46F1B75E-6E99-478A-952D-7617C504A809}.Debug|iPhone.Build.0 = Debug|Any CPU
		{46F1B75E-6E99-478A-952D-7617C504A809}.Debug|iPhoneSimulator.ActiveCfg = Debug|Any CPU
		{46F1B75E-6E99-478A-952D-7617C504A809}.Debug|iPhoneSimulator.Build.0 = Debug|Any CPU
		{46F1B75E-6E99-478A-952D-7617C504A809}.Debug|x64.ActiveCfg = Debug|Any CPU
		{46F1B75E-6E99-478A-952D-7617C504A809}.Debug|x64.Build.0 = Debug|Any CPU
		{46F1B75E-6E99-478A-952D-7617C504A809}.Debug|x86.ActiveCfg = Debug|Any CPU
		{46F1B75E-6E99-478A-952D-7617C504A809}.Debug|x86.Build.0 = Debug|Any CPU
		{46F1B75E-6E99-478A-952D-7617C504A809}.Release|Any CPU.ActiveCfg = Release|Any CPU
		{46F1B75E-6E99-478A-952D-7617C504A809}.Release|Any CPU.Build.0 = Release|Any CPU
		{46F1B75E-6E99-478A-952D-7617C504A809}.Release|ARM.ActiveCfg = Release|Any CPU
		{46F1B75E-6E99-478A-952D-7617C504A809}.Release|ARM.Build.0 = Release|Any CPU
		{46F1B75E-6E99-478A-952D-7617C504A809}.Release|iPhone.ActiveCfg = Release|Any CPU
		{46F1B75E-6E99-478A-952D-7617C504A809}.Release|iPhone.Build.0 = Release|Any CPU
		{46F1B75E-6E99-478A-952D-7617C504A809}.Release|iPhoneSimulator.ActiveCfg = Release|Any CPU
		{46F1B75E-6E99-478A-952D-7617C504A809}.Release|iPhoneSimulator.Build.0 = Release|Any CPU
		{46F1B75E-6E99-478A-952D-7617C504A809}.Release|x64.ActiveCfg = Release|Any CPU
		{46F1B75E-6E99-478A-952D-7617C504A809}.Release|x64.Build.0 = Release|Any CPU
		{46F1B75E-6E99-478A-952D-7617C504A809}.Release|x86.ActiveCfg = Release|Any CPU
		{46F1B75E-6E99-478A-952D-7617C504A809}.Release|x86.Build.0 = Release|Any CPU
	EndGlobalSection
	GlobalSection(SolutionProperties) = preSolution
		HideSolutionNode = FALSE
	EndGlobalSection
	GlobalSection(ExtensibilityGlobals) = postSolution
		SolutionGuid = {8D6B8FA4-350D-43F7-A945-95DC78AA3F27}
	EndGlobalSection
	GlobalSection(MonoDevelopProperties) = preSolution
		Policies = $0
		$0.DotNetNamingPolicy = $1
		$1.DirectoryNamespaceAssociation = PrefixedHierarchical
		$0.TextStylePolicy = $2
		$2.inheritsSet = null
		$2.scope = text/x-csharp
		$0.CSharpFormattingPolicy = $3
		$3.scope = text/x-csharp
		$0.TextStylePolicy = $4
		$4.FileWidth = 80
		$4.TabsToSpaces = True
		$4.scope = text/plain
		$0.TextStylePolicy = $5
		$5.inheritsSet = null
		$5.scope = text/x-vs
		$0.TextStylePolicy = $6
		$6.inheritsSet = null
		$6.scope = application/vnd.apple-interface-builder
		$0.XmlFormattingPolicy = $7
		$7.inheritsSet = null
		$7.scope = application/vnd.apple-interface-builder
		$0.StandardHeader = $8
		$0.VersionControlPolicy = $9
	EndGlobalSection
EndGlobal
